
Microsoft Visual Studio Solution File, Format Version 12.00
# Visual Studio 2013
VisualStudioVersion = 12.0.21005.1
MinimumVisualStudioVersion = 10.0.40219.1
Project("{FAE04EC0-301F-11D3-BF4B-00C04F79EFBC}") = "FileMaster.UI", "FileMaster.UI\FileMaster.UI.csproj", "{30C55C48-34EE-45FF-9EBC-2C7A4E1A1E30}"
EndProject
Project("{FAE04EC0-301F-11D3-BF4B-00C04F79EFBC}") = "FileMaster.Domain", "FileMaster.Domain\FileMaster.Domain.csproj", "{823983C7-4E54-4BF1-A3C6-524746A22181}"
EndProject
Project("{2150E333-8FDC-42A3-9474-1A3956D46DE8}") = "Tests", "Tests", "{09377EF6-7A30-4A8F-AA55-73ECEE10DC07}"
EndProject
Project("{FAE04EC0-301F-11D3-BF4B-00C04F79EFBC}") = "FileMaster.Domain.Tests", "FileMaster.Domain.Tests\FileMaster.Domain.Tests.csproj", "{B370A422-A6F6-4633-B107-2737611DA791}"
EndProject
Global
	GlobalSection(SolutionConfigurationPlatforms) = preSolution
		Debug|Any CPU = Debug|Any CPU
		Release|Any CPU = Release|Any CPU
	EndGlobalSection
	GlobalSection(ProjectConfigurationPlatforms) = postSolution
		{30C55C48-34EE-45FF-9EBC-2C7A4E1A1E30}.Debug|Any CPU.ActiveCfg = Debug|Any CPU
		{30C55C48-34EE-45FF-9EBC-2C7A4E1A1E30}.Debug|Any CPU.Build.0 = Debug|Any CPU
		{30C55C48-34EE-45FF-9EBC-2C7A4E1A1E30}.Release|Any CPU.ActiveCfg = Release|Any CPU
		{30C55C48-34EE-45FF-9EBC-2C7A4E1A1E30}.Release|Any CPU.Build.0 = Release|Any CPU
		{823983C7-4E54-4BF1-A3C6-524746A22181}.Debug|Any CPU.ActiveCfg = Debug|Any CPU
		{823983C7-4E54-4BF1-A3C6-524746A22181}.Debug|Any CPU.Build.0 = Debug|Any CPU
		{823983C7-4E54-4BF1-A3C6-524746A22181}.Release|Any CPU.ActiveCfg = Release|Any CPU
		{823983C7-4E54-4BF1-A3C6-524746A22181}.Release|Any CPU.Build.0 = Release|Any CPU
		{B370A422-A6F6-4633-B107-2737611DA791}.Debug|Any CPU.ActiveCfg = Debug|Any CPU
		{B370A422-A6F6-4633-B107-2737611DA791}.Debug|Any CPU.Build.0 = Debug|Any CPU
		{B370A422-A6F6-4633-B107-2737611DA791}.Release|Any CPU.ActiveCfg = Release|Any CPU
		{B370A422-A6F6-4633-B107-2737611DA791}.Release|Any CPU.Build.0 = Release|Any CPU
	EndGlobalSection
	GlobalSection(SolutionProperties) = preSolution
		HideSolutionNode = FALSE
	EndGlobalSection
	GlobalSection(NestedProjects) = preSolution
		{B370A422-A6F6-4633-B107-2737611DA791} = {09377EF6-7A30-4A8F-AA55-73ECEE10DC07}
	EndGlobalSection
EndGlobal
